
Microsoft Visual Studio Solution File, Format Version 12.00
# Visual Studio Version 17
VisualStudioVersion = 17.3.32901.215
MinimumVisualStudioVersion = 10.0.40219.1
Project("{FAE04EC0-301F-11D3-BF4B-00C04F79EFBC}") = "Alfareria", "Alfareria.csproj", "{D3FD31B4-F2E0-4B7C-980D-B6FB6B6A9ADD}"
EndProject
Global
	GlobalSection(SolutionConfigurationPlatforms) = preSolution
		Debug|Any CPU = Debug|Any CPU
		Release|Any CPU = Release|Any CPU
	EndGlobalSection
	GlobalSection(ProjectConfigurationPlatforms) = postSolution
		{D3FD31B4-F2E0-4B7C-980D-B6FB6B6A9ADD}.Debug|Any CPU.ActiveCfg = Debug|Any CPU
		{D3FD31B4-F2E0-4B7C-980D-B6FB6B6A9ADD}.Debug|Any CPU.Build.0 = Debug|Any CPU
		{D3FD31B4-F2E0-4B7C-980D-B6FB6B6A9ADD}.Release|Any CPU.ActiveCfg = Release|Any CPU
		{D3FD31B4-F2E0-4B7C-980D-B6FB6B6A9ADD}.Release|Any CPU.Build.0 = Release|Any CPU
	EndGlobalSection
	GlobalSection(SolutionProperties) = preSolution
		HideSolutionNode = FALSE
	EndGlobalSection
	GlobalSection(ExtensibilityGlobals) = postSolution
		SolutionGuid = {0DB7B4BB-3DD7-49BD-B7F8-5F50D2A954BE}
	EndGlobalSection
EndGlobal
